
Microsoft Visual Studio Solution File, Format Version 12.00
# Visual Studio 15
VisualStudioVersion = 15.0.28010.2036
MinimumVisualStudioVersion = 10.0.40219.1
Project("{FAE04EC0-301F-11D3-BF4B-00C04F79EFBC}") = "Bogosoft.Messaging", "Bogosoft.Messaging\Bogosoft.Messaging.csproj", "{58184FE5-AE01-438F-AA5F-1DAA32429DFF}"
EndProject
Global
	GlobalSection(SolutionConfigurationPlatforms) = preSolution
		Debug|Any CPU = Debug|Any CPU
		Release|Any CPU = Release|Any CPU
	EndGlobalSection
	GlobalSection(ProjectConfigurationPlatforms) = postSolution
		{58184FE5-AE01-438F-AA5F-1DAA32429DFF}.Debug|Any CPU.ActiveCfg = Debug|Any CPU
		{58184FE5-AE01-438F-AA5F-1DAA32429DFF}.Debug|Any CPU.Build.0 = Debug|Any CPU
		{58184FE5-AE01-438F-AA5F-1DAA32429DFF}.Release|Any CPU.ActiveCfg = Release|Any CPU
		{58184FE5-AE01-438F-AA5F-1DAA32429DFF}.Release|Any CPU.Build.0 = Release|Any CPU
	EndGlobalSection
	GlobalSection(SolutionProperties) = preSolution
		HideSolutionNode = FALSE
	EndGlobalSection
	GlobalSection(ExtensibilityGlobals) = postSolution
		SolutionGuid = {883A984D-D33E-445E-BE89-F67B32922CEF}
	EndGlobalSection
EndGlobal
